// !$*UTF8*$!
{
	archiveVersion = 1;
	classes = {
	};
	objectVersion = 77;
	objects = {

/* Begin PBXBuildFile section */
		788190C32FE2F100007BDA15 /* ZIPFoundation in Frameworks */ = {isa = PBXBuildFile; productRef = 788190C42FE2F100007BDA15 /* ZIPFoundation */; };
/* End PBXBuildFile section */

/* Begin PBXContainerItemProxy section */
		788190A72FE2DAA8007BDA15 /* PBXContainerItemProxy */ = {
			isa = PBXContainerItemProxy;
			containerPortal = 7881908F2FE2DAA6007BDA15 /* Project object */;
			proxyType = 1;
			remoteGlobalIDString = 788190962FE2DAA6007BDA15;
			remoteInfo = mreader;
		};
		788190B12FE2DAA8007BDA15 /* PBXContainerItemProxy */ = {
			isa = PBXContainerItemProxy;
			containerPortal = 7881908F2FE2DAA6007BDA15 /* Project object */;
			proxyType = 1;
			remoteGlobalIDString = 788190962FE2DAA6007BDA15;
			remoteInfo = mreader;
		};
/* End PBXContainerItemProxy section */

/* Begin PBXFileReference section */
		788190972FE2DAA6007BDA15 /* mreader.app */ = {isa = PBXFileReference; explicitFileType = wrapper.application; includeInIndex = 0; path = mreader.app; sourceTree = BUILT_PRODUCTS_DIR; };
		788190A62FE2DAA8007BDA15 /* mreaderTests.xctest */ = {isa = PBXFileReference; explicitFileType = wrapper.cfbundle; includeInIndex = 0; path = mreaderTests.xctest; sourceTree = BUILT_PRODUCTS_DIR; };
		788190B02FE2DAA8007BDA15 /* mreaderUITests.xctest */ = {isa = PBXFileReference; explicitFileType = wrapper.cfbundle; includeInIndex = 0; path = mreaderUITests.xctest; sourceTree = BUILT_PRODUCTS_DIR; };
/* End PBXFileReference section */

/* Begin PBXFileSystemSynchronizedRootGroup section */
		788190992FE2DAA6007BDA15 /* mreader */ = {
			isa = PBXFileSystemSynchronizedRootGroup;
			path = mreader;
			sourceTree = "<group>";
		};
		788190A92FE2DAA8007BDA15 /* mreaderTests */ = {
			isa = PBXFileSystemSynchronizedRootGroup;
			path = mreaderTests;
			sourceTree = "<group>";
		};
		788190B32FE2DAA8007BDA15 /* mreaderUITests */ = {
			isa = PBXFileSystemSynchronizedRootGroup;
			path = mreaderUITests;
			sourceTree = "<group>";
		};
/* End PBXFileSystemSynchronizedRootGroup section */

/* Begin PBXFrameworksBuildPhase section */
		788190942FE2DAA6007BDA15 /* Frameworks */ = {
			isa = PBXFrameworksBuildPhase;
			buildActionMask = 2147483647;
			files = (
				788190C32FE2F100007BDA15 /* ZIPFoundation in Frameworks */,
			);
			runOnlyForDeploymentPostprocessing = 0;
		};
		788190A32FE2DAA8007BDA15 /* Frameworks */ = {
			isa = PBXFrameworksBuildPhase;
			buildActionMask = 2147483647;
			files = (
			);
			runOnlyForDeploymentPostprocessing = 0;
		};
		788190AD2FE2DAA8007BDA15 /* Frameworks */ = {
			isa = PBXFrameworksBuildPhase;
			buildActionMask = 2147483647;
			files = (
			);
			runOnlyForDeploymentPostprocessing = 0;
		};
/* End PBXFrameworksBuildPhase section */

/* Begin PBXGroup section */
		7881908E2FE2DAA6007BDA15 = {
			isa = PBXGroup;
			children = (
				788190992FE2DAA6007BDA15 /* mreader */,
				788190A92FE2DAA8007BDA15 /* mreaderTests */,
				788190B32FE2DAA8007BDA15 /* mreaderUITests */,
				788190982FE2DAA6007BDA15 /* Products */,
			);
			sourceTree = "<group>";
		};
		788190982FE2DAA6007BDA15 /* Products */ = {
			isa = PBXGroup;
			children = (
				788190972FE2DAA6007BDA15 /* mreader.app */,
				788190A62FE2DAA8007BDA15 /* mreaderTests.xctest */,
				788190B02FE2DAA8007BDA15 /* mreaderUITests.xctest */,
			);
			name = Products;
			sourceTree = "<group>";
		};
/* End PBXGroup section */

/* Begin PBXNativeTarget section */
		788190962FE2DAA6007BDA15 /* mreader */ = {
			isa = PBXNativeTarget;
			buildConfigurationList = 788190BA2FE2DAA8007BDA15 /* Build configuration list for PBXNativeTarget "mreader" */;
			buildPhases = (
				788190932FE2DAA6007BDA15 /* Sources */,
				788190942FE2DAA6007BDA15 /* Frameworks */,
				788190952FE2DAA6007BDA15 /* Resources */,
			);
			buildRules = (
			);
			dependencies = (
			);
			fileSystemSynchronizedGroups = (
				788190992FE2DAA6007BDA15 /* mreader */,
			);
			name = mreader;
			packageProductDependencies = (
				788190C42FE2F100007BDA15 /* ZIPFoundation */,
			);
			productName = mreader;
			productReference = 788190972FE2DAA6007BDA15 /* mreader.app */;
			productType = "com.apple.product-type.application";
		};
		788190A52FE2DAA8007BDA15 /* mreaderTests */ = {
			isa = PBXNativeTarget;
			buildConfigurationList = 788190BD2FE2DAA8007BDA15 /* Build configuration list for PBXNativeTarget "mreaderTests" */;
			buildPhases = (
				788190A22FE2DAA8007BDA15 /* Sources */,
				788190A32FE2DAA8007BDA15 /* Frameworks */,
				788190A42FE2DAA8007BDA15 /* Resources */,
			);
			buildRules = (
			);
			dependencies = (
				788190A82FE2DAA8007BDA15 /* PBXTargetDependency */,
			);
			fileSystemSynchronizedGroups = (
				788190A92FE2DAA8007BDA15 /* mreaderTests */,
			);
			name = mreaderTests;
			packageProductDependencies = (
			);
			productName = mreaderTests;
			productReference = 788190A62FE2DAA8007BDA15 /* mreaderTests.xctest */;
			productType = "com.apple.product-type.bundle.unit-test";
		};
		788190AF2FE2DAA8007BDA15 /* mreaderUITests */ = {
			isa = PBXNativeTarget;
			buildConfigurationList = 788190C02FE2DAA8007BDA15 /* Build configuration list for PBXNativeTarget "mreaderUITests" */;
			buildPhases = (
				788190AC2FE2DAA8007BDA15 /* Sources */,
				788190AD2FE2DAA8007BDA15 /* Frameworks */,
				788190AE2FE2DAA8007BDA15 /* Resources */,
			);
			buildRules = (
			);
			dependencies = (
				788190B22FE2DAA8007BDA15 /* PBXTargetDependency */,
			);
			fileSystemSynchronizedGroups = (
				788190B32FE2DAA8007BDA15 /* mreaderUITests */,
			);
			name = mreaderUITests;
			packageProductDependencies = (
			);
			productName = mreaderUITests;
			productReference = 788190B02FE2DAA8007BDA15 /* mreaderUITests.xctest */;
			productType = "com.apple.product-type.bundle.ui-testing";
		};
/* End PBXNativeTarget section */

/* Begin PBXProject section */
		7881908F2FE2DAA6007BDA15 /* Project object */ = {
			isa = PBXProject;
			attributes = {
				BuildIndependentTargetsInParallel = 1;
				LastSwiftUpdateCheck = 2650;
				LastUpgradeCheck = 2700;
				TargetAttributes = {
					788190962FE2DAA6007BDA15 = {
						CreatedOnToolsVersion = 26.5;
					};
					788190A52FE2DAA8007BDA15 = {
						CreatedOnToolsVersion = 26.5;
						TestTargetID = 788190962FE2DAA6007BDA15;
					};
					788190AF2FE2DAA8007BDA15 = {
						CreatedOnToolsVersion = 26.5;
						TestTargetID = 788190962FE2DAA6007BDA15;
					};
				};
			};
			buildConfigurationList = 788190922FE2DAA6007BDA15 /* Build configuration list for PBXProject "mreader" */;
			developmentRegion = en;
			hasScannedForEncodings = 0;
			knownRegions = (
				en,
				Base,
				"zh-Hans",
				ja,
				ko,
			);
			mainGroup = 7881908E2FE2DAA6007BDA15;
			minimizedProjectReferenceProxies = 1;
			packageReferences = (
				788190C52FE2F100007BDA15 /* XCRemoteSwiftPackageReference "ZIPFoundation" */,
			);
			preferredProjectObjectVersion = 77;
			productRefGroup = 788190982FE2DAA6007BDA15 /* Products */;
			projectDirPath = "";
			projectRoot = "";
			targets = (
				788190962FE2DAA6007BDA15 /* mreader */,
				788190A52FE2DAA8007BDA15 /* mreaderTests */,
				788190AF2FE2DAA8007BDA15 /* mreaderUITests */,
			);
		};
/* End PBXProject section */

/* Begin PBXResourcesBuildPhase section */
		788190952FE2DAA6007BDA15 /* Resources */ = {
			isa = PBXResourcesBuildPhase;
			buildActionMask = 2147483647;
			files = (
			);
			runOnlyForDeploymentPostprocessing = 0;
		};
		788190A42FE2DAA8007BDA15 /* Resources */ = {
			isa = PBXResourcesBuildPhase;
			buildActionMask = 2147483647;
			files = (
			);
			runOnlyForDeploymentPostprocessing = 0;
		};
		788190AE2FE2DAA8007BDA15 /* Resources */ = {
			isa = PBXResourcesBuildPhase;
			buildActionMask = 2147483647;
			files = (
			);
			runOnlyForDeploymentPostprocessing = 0;
		};
/* End PBXResourcesBuildPhase section */

/* Begin PBXSourcesBuildPhase section */
		788190932FE2DAA6007BDA15 /* Sources */ = {
			isa = PBXSourcesBuildPhase;
			buildActionMask = 2147483647;
			files = (
			);
			runOnlyForDeploymentPostprocessing = 0;
		};
		788190A22FE2DAA8007BDA15 /* Sources */ = {
			isa = PBXSourcesBuildPhase;
			buildActionMask = 2147483647;
			files = (
			);
			runOnlyForDeploymentPostprocessing = 0;
		};
		788190AC2FE2DAA8007BDA15 /* Sources */ = {
			isa = PBXSourcesBuildPhase;
			buildActionMask = 2147483647;
			files = (
			);
			runOnlyForDeploymentPostprocessing = 0;
		};
/* End PBXSourcesBuildPhase section */

/* Begin PBXTargetDependency section */
		788190A82FE2DAA8007BDA15 /* PBXTargetDependency */ = {
			isa = PBXTargetDependency;
			target = 788190962FE2DAA6007BDA15 /* mreader */;
			targetProxy = 788190A72FE2DAA8007BDA15 /* PBXContainerItemProxy */;
		};
		788190B22FE2DAA8007BDA15 /* PBXTargetDependency */ = {
			isa = PBXTargetDependency;
			target = 788190962FE2DAA6007BDA15 /* mreader */;
			targetProxy = 788190B12FE2DAA8007BDA15 /* PBXContainerItemProxy */;
		};
/* End PBXTargetDependency section */

/* Begin XCBuildConfiguration section */
		788190B82FE2DAA8007BDA15 /* Debug */ = {
			isa = XCBuildConfiguration;
			buildSettings = {
				ALWAYS_SEARCH_USER_PATHS = NO;
				ASSETCATALOG_COMPILER_GENERATE_SWIFT_ASSET_SYMBOL_EXTENSIONS = YES;
				CLANG_ANALYZER_NONNULL = YES;
				CLANG_ANALYZER_NUMBER_OBJECT_CONVERSION = YES_AGGRESSIVE;
				CLANG_CXX_LANGUAGE_STANDARD = "gnu++20";
				CLANG_ENABLE_MODULES = YES;
				CLANG_ENABLE_OBJC_ARC = YES;
				CLANG_ENABLE_OBJC_WEAK = YES;
				CLANG_WARN_BLOCK_CAPTURE_AUTORELEASING = YES;
				CLANG_WARN_BOOL_CONVERSION = YES;
				CLANG_WARN_COMMA = YES;
				CLANG_WARN_CONSTANT_CONVERSION = YES;
				CLANG_WARN_DEPRECATED_OBJC_IMPLEMENTATIONS = YES;
				CLANG_WARN_DIRECT_OBJC_ISA_USAGE = YES_ERROR;
				CLANG_WARN_DOCUMENTATION_COMMENTS = YES;
				CLANG_WARN_EMPTY_BODY = YES;
				CLANG_WARN_ENUM_CONVERSION = YES;
				CLANG_WARN_INFINITE_RECURSION = YES;
				CLANG_WARN_INT_CONVERSION = YES;
				CLANG_WARN_NON_LITERAL_NULL_CONVERSION = YES;
				CLANG_WARN_OBJC_IMPLICIT_RETAIN_SELF = YES;
				CLANG_WARN_OBJC_LITERAL_CONVERSION = YES;
				CLANG_WARN_OBJC_ROOT_CLASS = YES_ERROR;
				CLANG_WARN_QUOTED_INCLUDE_IN_FRAMEWORK_HEADER = YES;
				CLANG_WARN_RANGE_LOOP_ANALYSIS = YES;
				CLANG_WARN_STRICT_PROTOTYPES = YES;
				CLANG_WARN_SUSPICIOUS_MOVE = YES;
				CLANG_WARN_UNGUARDED_AVAILABILITY = YES_AGGRESSIVE;
				CLANG_WARN_UNREACHABLE_CODE = YES;
				CLANG_WARN__DUPLICATE_METHOD_MATCH = YES;
				COPY_PHASE_STRIP = NO;
				DEBUG_INFORMATION_FORMAT = dwarf;
				DEVELOPMENT_TEAM = JUQXD87P93;
				ENABLE_STRICT_OBJC_MSGSEND = YES;
				ENABLE_TESTABILITY = YES;
				ENABLE_USER_SCRIPT_SANDBOXING = YES;
				GCC_C_LANGUAGE_STANDARD = gnu17;
				GCC_DYNAMIC_NO_PIC = NO;
				GCC_NO_COMMON_BLOCKS = YES;
				GCC_OPTIMIZATION_LEVEL = 0;
				GCC_PREPROCESSOR_DEFINITIONS = (
					"DEBUG=1",
					"$(inherited)",
				);
				GCC_WARN_64_TO_32_BIT_CONVERSION = YES;
				GCC_WARN_ABOUT_RETURN_TYPE = YES_ERROR;
				GCC_WARN_UNDECLARED_SELECTOR = YES;
				GCC_WARN_UNINITIALIZED_AUTOS = YES_AGGRESSIVE;
				GCC_WARN_UNUSED_FUNCTION = YES;
				GCC_WARN_UNUSED_VARIABLE = YES;
				IPHONEOS_DEPLOYMENT_TARGET = 26.0;
				LOCALIZATION_PREFERS_STRING_CATALOGS = YES;
				MTL_ENABLE_DEBUG_INFO = INCLUDE_SOURCE;
				MTL_FAST_MATH = YES;
				ONLY_ACTIVE_ARCH = YES;
				SDKROOT = iphoneos;
				STRING_CATALOG_GENERATE_SYMBOLS = YES;
				SWIFT_ACTIVE_COMPILATION_CONDITIONS = "DEBUG $(inherited)";
				SWIFT_OPTIMIZATION_LEVEL = "-Onone";
			};
			name = Debug;
		};
		788190B92FE2DAA8007BDA15 /* Release */ = {
			isa = XCBuildConfiguration;
			buildSettings = {
				ALWAYS_SEARCH_USER_PATHS = NO;
				ASSETCATALOG_COMPILER_GENERATE_SWIFT_ASSET_SYMBOL_EXTENSIONS = YES;
				CLANG_ANALYZER_NONNULL = YES;
				CLANG_ANALYZER_NUMBER_OBJECT_CONVERSION = YES_AGGRESSIVE;
				CLANG_CXX_LANGUAGE_STANDARD = "gnu++20";
				CLANG_ENABLE_MODULES = YES;
				CLANG_ENABLE_OBJC_ARC = YES;
				CLANG_ENABLE_OBJC_WEAK = YES;
				CLANG_WARN_BLOCK_CAPTURE_AUTORELEASING = YES;
				CLANG_WARN_BOOL_CONVERSION = YES;
				CLANG_WARN_COMMA = YES;
				CLANG_WARN_CONSTANT_CONVERSION = YES;
				CLANG_WARN_DEPRECATED_OBJC_IMPLEMENTATIONS = YES;
				CLANG_WARN_DIRECT_OBJC_ISA_USAGE = YES_ERROR;
				CLANG_WARN_DOCUMENTATION_COMMENTS = YES;
				CLANG_WARN_EMPTY_BODY = YES;
				CLANG_WARN_ENUM_CONVERSION = YES;
				CLANG_WARN_INFINITE_RECURSION = YES;
				CLANG_WARN_INT_CONVERSION = YES;
				CLANG_WARN_NON_LITERAL_NULL_CONVERSION = YES;
				CLANG_WARN_OBJC_IMPLICIT_RETAIN_SELF = YES;
				CLANG_WARN_OBJC_LITERAL_CONVERSION = YES;
				CLANG_WARN_OBJC_ROOT_CLASS = YES_ERROR;
				CLANG_WARN_QUOTED_INCLUDE_IN_FRAMEWORK_HEADER = YES;
				CLANG_WARN_RANGE_LOOP_ANALYSIS = YES;
				CLANG_WARN_STRICT_PROTOTYPES = YES;
				CLANG_WARN_SUSPICIOUS_MOVE = YES;
				CLANG_WARN_UNGUARDED_AVAILABILITY = YES_AGGRESSIVE;
				CLANG_WARN_UNREACHABLE_CODE = YES;
				CLANG_WARN__DUPLICATE_METHOD_MATCH = YES;
				COPY_PHASE_STRIP = NO;
				DEBUG_INFORMATION_FORMAT = "dwarf-with-dsym";
				DEVELOPMENT_TEAM = JUQXD87P93;
				ENABLE_NS_ASSERTIONS = NO;
				ENABLE_STRICT_OBJC_MSGSEND = YES;
				ENABLE_USER_SCRIPT_SANDBOXING = YES;
				GCC_C_LANGUAGE_STANDARD = gnu17;
				GCC_NO_COMMON_BLOCKS = YES;
				GCC_WARN_64_TO_32_BIT_CONVERSION = YES;
				GCC_WARN_ABOUT_RETURN_TYPE = YES_ERROR;
				GCC_WARN_UNDECLARED_SELECTOR = YES;
				GCC_WARN_UNINITIALIZED_AUTOS = YES_AGGRESSIVE;
				GCC_WARN_UNUSED_FUNCTION = YES;
				GCC_WARN_UNUSED_VARIABLE = YES;
				IPHONEOS_DEPLOYMENT_TARGET = 26.0;
				LOCALIZATION_PREFERS_STRING_CATALOGS = YES;
				MTL_ENABLE_DEBUG_INFO = NO;
				MTL_FAST_MATH = YES;
				SDKROOT = iphoneos;
				STRING_CATALOG_GENERATE_SYMBOLS = YES;
				SWIFT_COMPILATION_MODE = wholemodule;
				VALIDATE_PRODUCT = YES;
			};
			name = Release;
		};
		788190BB2FE2DAA8007BDA15 /* Debug */ = {
			isa = XCBuildConfiguration;
			buildSettings = {
				ASSETCATALOG_COMPILER_APPICON_NAME = MReader;
				ASSETCATALOG_COMPILER_GLOBAL_ACCENT_COLOR_NAME = AccentColor;
				CODE_SIGN_STYLE = Automatic;
				CURRENT_PROJECT_VERSION = 2;
				DEVELOPMENT_TEAM = JUQXD87P93;
				ENABLE_PREVIEWS = YES;
				GENERATE_INFOPLIST_FILE = YES;
				INFOPLIST_FILE = mreader-offline-translation-Info.plist;
				INFOPLIST_KEY_BGTaskSchedulerPermittedIdentifiers = (
					"$(PRODUCT_BUNDLE_IDENTIFIER).offline-translation.continued",
					"$(PRODUCT_BUNDLE_IDENTIFIER).offline-translation.continued.*",
					"zhengyk.mreader.offline-translation.processing",
				);
				INFOPLIST_KEY_CFBundleDisplayName = MReader;
				INFOPLIST_KEY_LSApplicationCategoryType = "public.app-category.books";
				INFOPLIST_KEY_LSSupportsOpeningDocumentsInPlace = YES;
				INFOPLIST_KEY_NSFaceIDUsageDescription = "用于验证身份后打开或解锁已锁定的漫画。";
				INFOPLIST_KEY_NSLocalNetworkUsageDescription = "用于通过局域网浏览器上传漫画文件到 MReader。";
				INFOPLIST_KEY_UIApplicationSceneManifest_Generation = YES;
				INFOPLIST_KEY_UIApplicationSupportsIndirectInputEvents = YES;
				INFOPLIST_KEY_UIBackgroundModes = processing;
				INFOPLIST_KEY_UIFileSharingEnabled = YES;
				INFOPLIST_KEY_UILaunchScreen_Generation = YES;
				INFOPLIST_KEY_UISupportedInterfaceOrientations_iPad = "UIInterfaceOrientationPortrait UIInterfaceOrientationPortraitUpsideDown UIInterfaceOrientationLandscapeLeft UIInterfaceOrientationLandscapeRight";
				INFOPLIST_KEY_UISupportedInterfaceOrientations_iPhone = "UIInterfaceOrientationPortrait UIInterfaceOrientationLandscapeLeft UIInterfaceOrientationLandscapeRight";
				IPHONEOS_DEPLOYMENT_TARGET = 26.0;
				LD_RUNPATH_SEARCH_PATHS = (
					"$(inherited)",
					"@executable_path/Frameworks",
				);
				MARKETING_VERSION = 1.1;
				PRODUCT_BUNDLE_IDENTIFIER = zhengyk.mreader;
				PRODUCT_NAME = "$(TARGET_NAME)";
				STRING_CATALOG_GENERATE_SYMBOLS = YES;
				SWIFT_APPROACHABLE_CONCURRENCY = YES;
				SWIFT_DEFAULT_ACTOR_ISOLATION = MainActor;
				SWIFT_EMIT_LOC_STRINGS = YES;
				SWIFT_UPCOMING_FEATURE_MEMBER_IMPORT_VISIBILITY = YES;
				SWIFT_VERSION = 5.0;
				TARGETED_DEVICE_FAMILY = "1,2";
			};
			name = Debug;
		};
		788190BC2FE2DAA8007BDA15 /* Release */ = {
			isa = XCBuildConfiguration;
			buildSettings = {
				ASSETCATALOG_COMPILER_APPICON_NAME = MReader;
				ASSETCATALOG_COMPILER_GLOBAL_ACCENT_COLOR_NAME = AccentColor;
				CODE_SIGN_STYLE = Automatic;
				CURRENT_PROJECT_VERSION = 2;
				DEVELOPMENT_TEAM = JUQXD87P93;
				ENABLE_PREVIEWS = YES;
				GENERATE_INFOPLIST_FILE = YES;
				INFOPLIST_FILE = mreader-offline-translation-Info.plist;
				INFOPLIST_KEY_BGTaskSchedulerPermittedIdentifiers = (
					"$(PRODUCT_BUNDLE_IDENTIFIER).offline-translation.continued",
					"$(PRODUCT_BUNDLE_IDENTIFIER).offline-translation.continued.*",
					"zhengyk.mreader.offline-translation.processing",
				);
				INFOPLIST_KEY_CFBundleDisplayName = MReader;
				INFOPLIST_KEY_LSApplicationCategoryType = "public.app-category.books";
				INFOPLIST_KEY_LSSupportsOpeningDocumentsInPlace = YES;
				INFOPLIST_KEY_NSFaceIDUsageDescription = "用于验证身份后打开或解锁已锁定的漫画。";
				INFOPLIST_KEY_NSLocalNetworkUsageDescription = "用于通过局域网浏览器上传漫画文件到 MReader。";
				INFOPLIST_KEY_UIApplicationSceneManifest_Generation = YES;
				INFOPLIST_KEY_UIApplicationSupportsIndirectInputEvents = YES;
				INFOPLIST_KEY_UIBackgroundModes = processing;
				INFOPLIST_KEY_UIFileSharingEnabled = YES;
				INFOPLIST_KEY_UILaunchScreen_Generation = YES;
				INFOPLIST_KEY_UISupportedInterfaceOrientations_iPad = "UIInterfaceOrientationPortrait UIInterfaceOrientationPortraitUpsideDown UIInterfaceOrientationLandscapeLeft UIInterfaceOrientationLandscapeRight";
				INFOPLIST_KEY_UISupportedInterfaceOrientations_iPhone = "UIInterfaceOrientationPortrait UIInterfaceOrientationLandscapeLeft UIInterfaceOrientationLandscapeRight";
				IPHONEOS_DEPLOYMENT_TARGET = 26.0;
				LD_RUNPATH_SEARCH_PATHS = (
					"$(inherited)",
					"@executable_path/Frameworks",
				);
				MARKETING_VERSION = 1.1;
				PRODUCT_BUNDLE_IDENTIFIER = zhengyk.mreader;
				PRODUCT_NAME = "$(TARGET_NAME)";
				STRING_CATALOG_GENERATE_SYMBOLS = YES;
				SWIFT_APPROACHABLE_CONCURRENCY = YES;
				SWIFT_DEFAULT_ACTOR_ISOLATION = MainActor;
				SWIFT_EMIT_LOC_STRINGS = YES;
				SWIFT_UPCOMING_FEATURE_MEMBER_IMPORT_VISIBILITY = YES;
				SWIFT_VERSION = 5.0;
				TARGETED_DEVICE_FAMILY = "1,2";
			};
			name = Release;
		};
		788190BE2FE2DAA8007BDA15 /* Debug */ = {
			isa = XCBuildConfiguration;
			buildSettings = {
				BUNDLE_LOADER = "$(TEST_HOST)";
				CODE_SIGN_STYLE = Automatic;
				CURRENT_PROJECT_VERSION = 2;
				DEVELOPMENT_TEAM = JUQXD87P93;
				GENERATE_INFOPLIST_FILE = YES;
				IPHONEOS_DEPLOYMENT_TARGET = 26.0;
				MARKETING_VERSION = 1.1;
				PRODUCT_BUNDLE_IDENTIFIER = zhengyk.mreaderTests;
				PRODUCT_NAME = "$(TARGET_NAME)";
				STRING_CATALOG_GENERATE_SYMBOLS = NO;
				SWIFT_APPROACHABLE_CONCURRENCY = YES;
				SWIFT_EMIT_LOC_STRINGS = NO;
				SWIFT_UPCOMING_FEATURE_MEMBER_IMPORT_VISIBILITY = YES;
				SWIFT_VERSION = 5.0;
				TARGETED_DEVICE_FAMILY = "1,2";
				TEST_HOST = "$(BUILT_PRODUCTS_DIR)/mreader.app/$(BUNDLE_EXECUTABLE_FOLDER_PATH)/mreader";
			};
			name = Debug;
		};
		788190BF2FE2DAA8007BDA15 /* Release */ = {
			isa = XCBuildConfiguration;
			buildSettings = {
				BUNDLE_LOADER = "$(TEST_HOST)";
				CODE_SIGN_STYLE = Automatic;
				CURRENT_PROJECT_VERSION = 2;
				DEVELOPMENT_TEAM = JUQXD87P93;
				GENERATE_INFOPLIST_FILE = YES;
				IPHONEOS_DEPLOYMENT_TARGET = 26.0;
				MARKETING_VERSION = 1.1;
				PRODUCT_BUNDLE_IDENTIFIER = zhengyk.mreaderTests;
				PRODUCT_NAME = "$(TARGET_NAME)";
				STRING_CATALOG_GENERATE_SYMBOLS = NO;
				SWIFT_APPROACHABLE_CONCURRENCY = YES;
				SWIFT_EMIT_LOC_STRINGS = NO;
				SWIFT_UPCOMING_FEATURE_MEMBER_IMPORT_VISIBILITY = YES;
				SWIFT_VERSION = 5.0;
				TARGETED_DEVICE_FAMILY = "1,2";
				TEST_HOST = "$(BUILT_PRODUCTS_DIR)/mreader.app/$(BUNDLE_EXECUTABLE_FOLDER_PATH)/mreader";
			};
			name = Release;
		};
		788190C12FE2DAA8007BDA15 /* Debug */ = {
			isa = XCBuildConfiguration;
			buildSettings = {
				CODE_SIGN_STYLE = Automatic;
				CURRENT_PROJECT_VERSION = 2;
				DEVELOPMENT_TEAM = JUQXD87P93;
				GENERATE_INFOPLIST_FILE = YES;
				MARKETING_VERSION = 1.1;
				PRODUCT_BUNDLE_IDENTIFIER = zhengyk.mreaderUITests;
				PRODUCT_NAME = "$(TARGET_NAME)";
				STRING_CATALOG_GENERATE_SYMBOLS = NO;
				SWIFT_APPROACHABLE_CONCURRENCY = YES;
				SWIFT_EMIT_LOC_STRINGS = NO;
				SWIFT_UPCOMING_FEATURE_MEMBER_IMPORT_VISIBILITY = YES;
				SWIFT_VERSION = 5.0;
				TARGETED_DEVICE_FAMILY = "1,2";
				TEST_TARGET_NAME = mreader;
			};
			name = Debug;
		};
		788190C22FE2DAA8007BDA15 /* Release */ = {
			isa = XCBuildConfiguration;
			buildSettings = {
				CODE_SIGN_STYLE = Automatic;
				CURRENT_PROJECT_VERSION = 2;
				DEVELOPMENT_TEAM = JUQXD87P93;
				GENERATE_INFOPLIST_FILE = YES;
				MARKETING_VERSION = 1.1;
				PRODUCT_BUNDLE_IDENTIFIER = zhengyk.mreaderUITests;
				PRODUCT_NAME = "$(TARGET_NAME)";
				STRING_CATALOG_GENERATE_SYMBOLS = NO;
				SWIFT_APPROACHABLE_CONCURRENCY = YES;
				SWIFT_EMIT_LOC_STRINGS = NO;
				SWIFT_UPCOMING_FEATURE_MEMBER_IMPORT_VISIBILITY = YES;
				SWIFT_VERSION = 5.0;
				TARGETED_DEVICE_FAMILY = "1,2";
				TEST_TARGET_NAME = mreader;
			};
			name = Release;
		};
/* End XCBuildConfiguration section */

/* Begin XCConfigurationList section */
		788190922FE2DAA6007BDA15 /* Build configuration list for PBXProject "mreader" */ = {
			isa = XCConfigurationList;
			buildConfigurations = (
				788190B82FE2DAA8007BDA15 /* Debug */,
				788190B92FE2DAA8007BDA15 /* Release */,
			);
			defaultConfigurationIsVisible = 0;
			defaultConfigurationName = Release;
		};
		788190BA2FE2DAA8007BDA15 /* Build configuration list for PBXNativeTarget "mreader" */ = {
			isa = XCConfigurationList;
			buildConfigurations = (
				788190BB2FE2DAA8007BDA15 /* Debug */,
				788190BC2FE2DAA8007BDA15 /* Release */,
			);
			defaultConfigurationIsVisible = 0;
			defaultConfigurationName = Release;
		};
		788190BD2FE2DAA8007BDA15 /* Build configuration list for PBXNativeTarget "mreaderTests" */ = {
			isa = XCConfigurationList;
			buildConfigurations = (
				788190BE2FE2DAA8007BDA15 /* Debug */,
				788190BF2FE2DAA8007BDA15 /* Release */,
			);
			defaultConfigurationIsVisible = 0;
			defaultConfigurationName = Release;
		};
		788190C02FE2DAA8007BDA15 /* Build configuration list for PBXNativeTarget "mreaderUITests" */ = {
			isa = XCConfigurationList;
			buildConfigurations = (
				788190C12FE2DAA8007BDA15 /* Debug */,
				788190C22FE2DAA8007BDA15 /* Release */,
			);
			defaultConfigurationIsVisible = 0;
			defaultConfigurationName = Release;
		};
/* End XCConfigurationList section */

/* Begin XCRemoteSwiftPackageReference section */
		788190C52FE2F100007BDA15 /* XCRemoteSwiftPackageReference "ZIPFoundation" */ = {
			isa = XCRemoteSwiftPackageReference;
			repositoryURL = "https://github.com/weichsel/ZIPFoundation.git";
			requirement = {
				kind = upToNextMajorVersion;
				minimumVersion = 0.9.0;
			};
		};
/* End XCRemoteSwiftPackageReference section */

/* Begin XCSwiftPackageProductDependency section */
		788190C42FE2F100007BDA15 /* ZIPFoundation */ = {
			isa = XCSwiftPackageProductDependency;
			package = 788190C52FE2F100007BDA15 /* XCRemoteSwiftPackageReference "ZIPFoundation" */;
			productName = ZIPFoundation;
		};
/* End XCSwiftPackageProductDependency section */
	};
	rootObject = 7881908F2FE2DAA6007BDA15 /* Project object */;
}
