{
  "originHash" : "f6491c843f5c4b42ecf7176c4aa5f63d6288b8125815570991482397dd60983b",
  "pins" : [
    {
      "identity" : "tesseract-apple",
      "kind" : "remoteSourceControl",
      "location" : "https://github.com/lexiaoyao20/tesseract-Apple.git",
      "state" : {
        "revision" : "0e8c80b16d62264297187645506fe8697b716d76",
        "version" : "5.5.1"
      }
    },
    {
      "identity" : "zipfoundation",
      "kind" : "remoteSourceControl",
      "location" : "https://github.com/weichsel/ZIPFoundation.git",
      "state" : {
        "revision" : "22787ffb59de99e5dc1fbfe80b19c97a904ad48d",
        "version" : "0.9.20"
      }
    }
  ],
  "version" : 3
}
