{
  "originHash" : "f6491c843f5c4b42ecf7176c4aa5f63d6288b8125815570991482397dd60983b",
  "pins" : [
    {
      "identity" : "tesseract-apple",
      "kind" : "remoteSourceControl",
      "location" : "https://github.com/lexiaoyao20/tesseract-Apple.git",
      "state" : {
        "revision" : "e5ab1b56b2d479ee2f2fcb86b0b91c1676d17b28",
        "version" : "5.5.2"
      }
    },
    {
      "identity" : "zipfoundation",
      "kind" : "remoteSourceControl",
      "location" : "https://github.com/weichsel/ZIPFoundation.git",
      "state" : {
        "revision" : "22787ffb59de99e5dc1fbfe80b19c97a904ad48d",
        "version" : "0.9.20"
      }
    }
  ],
  "version" : 3
}
